// !$*UTF8*$!
{
	archiveVersion = 1;
	classes = {
	};
	objectVersion = 50;
	objects = {

/* Begin PBXBuildFile section */
		1BF7F8FB25F5DF5300012219 /* BFS_BOJ1261_알고스팟.cpp in Sources */ = {isa = PBXBuildFile; fileRef = 1BF7F8FA25F5DF5300012219 /* BFS_BOJ1261_알고스팟.cpp */; };
/* End PBXBuildFile section */

/* Begin PBXCopyFilesBuildPhase section */
		1BA6220B2475983500B899D6 /* CopyFiles */ = {
			isa = PBXCopyFilesBuildPhase;
			buildActionMask = 2147483647;
			dstPath = /usr/share/man/man1/;
			dstSubfolderSpec = 0;
			files = (
			);
			runOnlyForDeploymentPostprocessing = 1;
		};
/* End PBXCopyFilesBuildPhase section */

/* Begin PBXFileReference section */
		1B0589D325CAF70F00EDF388 /* BF재귀_BOJ1759_암호만들기.cpp */ = {isa = PBXFileReference; lastKnownFileType = sourcecode.cpp.cpp; path = "BF재귀_BOJ1759_암호만들기.cpp"; sourceTree = "<group>"; };
		1B1815F425D6186E005641E3 /* BF비트마스크_BOJ1182_부분수열의합.cpp */ = {isa = PBXFileReference; lastKnownFileType = sourcecode.cpp.cpp; path = "BF비트마스크_BOJ1182_부분수열의합.cpp"; sourceTree = "<group>"; };
		1B1815F725D62940005641E3 /* BF비트마스크_BOJ11723_집합.cpp */ = {isa = PBXFileReference; lastKnownFileType = sourcecode.cpp.cpp; path = "BF비트마스크_BOJ11723_집합.cpp"; sourceTree = "<group>"; };
		1B3A394025EC9E7900EBA276 /* 10845_큐.cpp */ = {isa = PBXFileReference; lastKnownFileType = sourcecode.cpp.cpp; path = "10845_큐.cpp"; sourceTree = "<group>"; };
		1B3A394425ECA56100EBA276 /* 10866_덱.cpp */ = {isa = PBXFileReference; lastKnownFileType = sourcecode.cpp.cpp; path = "10866_덱.cpp"; sourceTree = "<group>"; };
		1B3A394625ECADE800EBA276 /* 13023_ABCDE.cpp */ = {isa = PBXFileReference; lastKnownFileType = sourcecode.cpp.cpp; path = 13023_ABCDE.cpp; sourceTree = "<group>"; };
		1B48262E25DD5B0300A111F3 /* DP_BOJ2225_합분해.cpp */ = {isa = PBXFileReference; lastKnownFileType = sourcecode.cpp.cpp; name = "DP_BOJ2225_합분해.cpp"; path = "../Coding_Test_Practice/DP_BOJ2225_합분해.cpp"; sourceTree = "<group>"; };
		1B61507425C1275B00233D1C /* BF_BOJ1476_날짜계산.cpp */ = {isa = PBXFileReference; lastKnownFileType = sourcecode.cpp.cpp; path = "BF_BOJ1476_날짜계산.cpp"; sourceTree = "<group>"; };
		1B61507625C1636600233D1C /* BF_BOJ1748_수이어쓰기1.cpp */ = {isa = PBXFileReference; lastKnownFileType = sourcecode.cpp.cpp; path = "BF_BOJ1748_수이어쓰기1.cpp"; sourceTree = "<group>"; };
		1B69CEB625C6C5FF0084F57E /* 수학_BOJ6588_골드바흐의추측.cpp */ = {isa = PBXFileReference; lastKnownFileType = sourcecode.cpp.cpp; name = "수학_BOJ6588_골드바흐의추측.cpp"; path = "../Coding_Test_Practice/수학_BOJ6588_골드바흐의추측.cpp"; sourceTree = "<group>"; };
		1B73B36725F47DF70066D9A0 /* BFS_BOJ1707_이분그래프.cpp */ = {isa = PBXFileReference; lastKnownFileType = sourcecode.cpp.cpp; path = "BFS_BOJ1707_이분그래프.cpp"; sourceTree = "<group>"; };
		1B752A5D25CF62F400B4C764 /* BF_BOJ14889_스타트와링크.cpp */ = {isa = PBXFileReference; lastKnownFileType = sourcecode.cpp.cpp; path = "BF_BOJ14889_스타트와링크.cpp"; sourceTree = "<group>"; };
		1B752A6025D0038600B4C764 /* BF재귀_BOJ2529_부등호.cpp */ = {isa = PBXFileReference; lastKnownFileType = sourcecode.cpp.cpp; path = "BF재귀_BOJ2529_부등호.cpp"; sourceTree = "<group>"; };
		1B7A65A925DA3DCF00E8E049 /* DP_BOJ11052_카드구매하기.cpp */ = {isa = PBXFileReference; lastKnownFileType = sourcecode.cpp.cpp; name = "DP_BOJ11052_카드구매하기.cpp"; path = "../Coding_Test_Practice/DP_BOJ11052_카드구매하기.cpp"; sourceTree = "<group>"; };
		1B7A65AB25DA4FEA00E8E049 /* DP_BOJ15990_123더하기5.cpp */ = {isa = PBXFileReference; lastKnownFileType = sourcecode.cpp.cpp; name = "DP_BOJ15990_123더하기5.cpp"; path = "../Coding_Test_Practice/DP_BOJ15990_123더하기5.cpp"; sourceTree = "<group>"; };
		1B8046D925C2847800487579 /* BF_BOj9095_1,2,3 더하기.cpp */ = {isa = PBXFileReference; lastKnownFileType = sourcecode.cpp.cpp; path = "BF_BOj9095_1,2,3 더하기.cpp"; sourceTree = "<group>"; };
		1B8046DB25C29F5900487579 /* BF_BOJ3085_사탕게임.cpp */ = {isa = PBXFileReference; lastKnownFileType = sourcecode.cpp.cpp; path = "BF_BOJ3085_사탕게임.cpp"; sourceTree = "<group>"; };
		1B823D8D25C23AF100E93E04 /* 수학_BOJ1929_소수구하기.cpp */ = {isa = PBXFileReference; lastKnownFileType = sourcecode.cpp.cpp; name = "수학_BOJ1929_소수구하기.cpp"; path = "../Coding_Test_Practice/수학_BOJ1929_소수구하기.cpp"; sourceTree = "<group>"; };
		1B823D8F25C257DE00E93E04 /* BF_BOJ2309_일곱난쟁이.cpp */ = {isa = PBXFileReference; lastKnownFileType = sourcecode.cpp.cpp; path = "BF_BOJ2309_일곱난쟁이.cpp"; sourceTree = "<group>"; };
		1B89395325F3884A0065D3B5 /* BFS_BOJ7576_토마토.cpp */ = {isa = PBXFileReference; lastKnownFileType = sourcecode.cpp.cpp; path = "BFS_BOJ7576_토마토.cpp"; sourceTree = "<group>"; };
		1B8E014925DF3A5300A8C1B4 /* DP_BOJ1912_연속합.cpp */ = {isa = PBXFileReference; lastKnownFileType = sourcecode.cpp.cpp; name = "DP_BOJ1912_연속합.cpp"; path = "../Coding_Test_Practice/DP_BOJ1912_연속합.cpp"; sourceTree = "<group>"; };
		1B8E014B25DF6BCC00A8C1B4 /* DP_BOJ1463_1로만들기.cpp */ = {isa = PBXFileReference; lastKnownFileType = sourcecode.cpp.cpp; name = "DP_BOJ1463_1로만들기.cpp"; path = "../Coding_Test_Practice/DP_BOJ1463_1로만들기.cpp"; sourceTree = "<group>"; };
		1B90189825C7760300148952 /* BF_BOJ15649_N과M_1.cpp */ = {isa = PBXFileReference; lastKnownFileType = sourcecode.cpp.cpp; path = "BF_BOJ15649_N과M_1.cpp"; sourceTree = "<group>"; };
		1B90189A25C77F4D00148952 /* BF_BOJ15649_N과M_2.cpp */ = {isa = PBXFileReference; lastKnownFileType = sourcecode.cpp.cpp; path = "BF_BOJ15649_N과M_2.cpp"; sourceTree = "<group>"; };
		1B90189C25C7838400148952 /* BF_BOJ15649_N과M_3.cpp */ = {isa = PBXFileReference; lastKnownFileType = sourcecode.cpp.cpp; path = "BF_BOJ15649_N과M_3.cpp"; sourceTree = "<group>"; };
		1B92FE8525CCB9FB00179907 /* BF재귀_BOJ14501_퇴사.cpp */ = {isa = PBXFileReference; lastKnownFileType = sourcecode.cpp.cpp; path = "BF재귀_BOJ14501_퇴사.cpp"; sourceTree = "<group>"; };
		1B9368BA25DE2650007ECD36 /* DP_BOJ2193_이친수.cpp */ = {isa = PBXFileReference; lastKnownFileType = sourcecode.cpp.cpp; name = "DP_BOJ2193_이친수.cpp"; path = "../Coding_Test_Practice/DP_BOJ2193_이친수.cpp"; sourceTree = "<group>"; };
		1B9368BC25DE3411007ECD36 /* DP_BOJ14002_가장긴증가하는부분수열.cpp */ = {isa = PBXFileReference; lastKnownFileType = sourcecode.cpp.cpp; name = "DP_BOJ14002_가장긴증가하는부분수열.cpp"; path = "../Coding_Test_Practice/DP_BOJ14002_가장긴증가하는부분수열.cpp"; sourceTree = "<group>"; };
		1B9AC9ED25D76AA800814C91 /* BF_비트마스크_BOJ11723_집합(비트마스크로 풀기).cpp */ = {isa = PBXFileReference; lastKnownFileType = sourcecode.cpp.cpp; path = "BF_비트마스크_BOJ11723_집합(비트마스크로 풀기).cpp"; sourceTree = "<group>"; };
		1B9AC9EF25D780F400814C91 /* BF비트마스크_BOJ14391_종이조각.cpp */ = {isa = PBXFileReference; lastKnownFileType = sourcecode.cpp.cpp; path = "BF비트마스크_BOJ14391_종이조각.cpp"; sourceTree = "<group>"; };
		1B9AC9F125D79A8000814C91 /* BF순열_BOJ10972_다음순열.cpp */ = {isa = PBXFileReference; lastKnownFileType = sourcecode.cpp.cpp; name = "BF순열_BOJ10972_다음순열.cpp"; path = "../Coding_Test_Practice/BF순열_BOJ10972_다음순열.cpp"; sourceTree = "<group>"; };
		1B9AC9F325D7AD0C00814C91 /* BF순열_BOJ10973_이전순열.cpp */ = {isa = PBXFileReference; lastKnownFileType = sourcecode.cpp.cpp; name = "BF순열_BOJ10973_이전순열.cpp"; path = "../Coding_Test_Practice/BF순열_BOJ10973_이전순열.cpp"; sourceTree = "<group>"; };
		1B9AC9F525D7ADCE00814C91 /* BF순열_BOJ10974_모든순열.cpp */ = {isa = PBXFileReference; lastKnownFileType = sourcecode.cpp.cpp; name = "BF순열_BOJ10974_모든순열.cpp"; path = "../Coding_Test_Practice/BF순열_BOJ10974_모든순열.cpp"; sourceTree = "<group>"; };
		1B9AC9F725D7AEBA00814C91 /* BF순열_BOJ10819_차이를최대로.cpp */ = {isa = PBXFileReference; lastKnownFileType = sourcecode.cpp.cpp; name = "BF순열_BOJ10819_차이를최대로.cpp"; path = "../Coding_Test_Practice/BF순열_BOJ10819_차이를최대로.cpp"; sourceTree = "<group>"; };
		1B9AC9F925D7B1BE00814C91 /* BF순열_BOJ6603_로또.cpp */ = {isa = PBXFileReference; lastKnownFileType = sourcecode.cpp.cpp; name = "BF순열_BOJ6603_로또.cpp"; path = "../Coding_Test_Practice/BF순열_BOJ6603_로또.cpp"; sourceTree = "<group>"; };
		1B9AC9FB25D7DA9D00814C91 /* BF순열_BOJ10971_외판원순회2.cpp */ = {isa = PBXFileReference; lastKnownFileType = sourcecode.cpp.cpp; name = "BF순열_BOJ10971_외판원순회2.cpp"; path = "../Coding_Test_Practice/BF순열_BOJ10971_외판원순회2.cpp"; sourceTree = "<group>"; };
		1B9AC9FD25D95F6A00814C91 /* DP1_BOJ11727_2xn타일링2.cpp */ = {isa = PBXFileReference; lastKnownFileType = sourcecode.cpp.cpp; name = "DP1_BOJ11727_2xn타일링2.cpp"; path = "../Coding_Test_Practice/DP1_BOJ11727_2xn타일링2.cpp"; sourceTree = "<group>"; };
		1BA1348825E3556F005AB7F5 /* DP_BOJ1149_RGB거리.cpp */ = {isa = PBXFileReference; lastKnownFileType = sourcecode.cpp.cpp; name = "DP_BOJ1149_RGB거리.cpp"; path = "../Coding_Test_Practice/DP_BOJ1149_RGB거리.cpp"; sourceTree = "<group>"; };
		1BA1348A25E3687D005AB7F5 /* DP_BOJ1932_정수삼각형.cpp */ = {isa = PBXFileReference; lastKnownFileType = sourcecode.cpp.cpp; name = "DP_BOJ1932_정수삼각형.cpp"; path = "../Coding_Test_Practice/DP_BOJ1932_정수삼각형.cpp"; sourceTree = "<group>"; };
		1BA1348C25E37264005AB7F5 /* DP_BOJ1057_오르막수.cpp */ = {isa = PBXFileReference; lastKnownFileType = sourcecode.cpp.cpp; name = "DP_BOJ1057_오르막수.cpp"; path = "../Coding_Test_Practice/DP_BOJ1057_오르막수.cpp"; sourceTree = "<group>"; };
		1BA6220D2475983500B899D6 /* Coding_Test_Practice */ = {isa = PBXFileReference; explicitFileType = "compiled.mach-o.executable"; includeInIndex = 0; path = Coding_Test_Practice; sourceTree = BUILT_PRODUCTS_DIR; };
		1BB482ED25C9A2A5001E150C /* BF_BOJ15649_N과M_6.cpp */ = {isa = PBXFileReference; lastKnownFileType = sourcecode.cpp.cpp; path = "BF_BOJ15649_N과M_6.cpp"; sourceTree = "<group>"; };
		1BB482EF25C9A5EF001E150C /* BF_BOJ15649_N과M_7.cpp */ = {isa = PBXFileReference; lastKnownFileType = sourcecode.cpp.cpp; path = "BF_BOJ15649_N과M_7.cpp"; sourceTree = "<group>"; };
		1BB482F125C9A737001E150C /* BF_BOJ15649_N과M_8.cpp */ = {isa = PBXFileReference; lastKnownFileType = sourcecode.cpp.cpp; path = "BF_BOJ15649_N과M_8.cpp"; sourceTree = "<group>"; };
		1BBD82A725DB74BB00C2877E /* DP_BOJ1699_제곱수의합.cpp */ = {isa = PBXFileReference; lastKnownFileType = sourcecode.cpp.cpp; name = "DP_BOJ1699_제곱수의합.cpp"; path = "../Coding_Test_Practice/DP_BOJ1699_제곱수의합.cpp"; sourceTree = "<group>"; };
		1BC74FC025BE4D340061903B /* 수학_BOJ17427_약수의합2.cpp */ = {isa = PBXFileReference; lastKnownFileType = sourcecode.cpp.cpp; name = "수학_BOJ17427_약수의합2.cpp"; path = "../Coding_Test_Practice/수학_BOJ17427_약수의합2.cpp"; sourceTree = "<group>"; };
		1BC74FC225BE59690061903B /* 수학_BOJ17425_약수의합.cpp */ = {isa = PBXFileReference; lastKnownFileType = sourcecode.cpp.cpp; name = "수학_BOJ17425_약수의합.cpp"; path = "../Coding_Test_Practice/수학_BOJ17425_약수의합.cpp"; sourceTree = "<group>"; };
		1BE07A5B25EE85900010EE77 /* DFS_BOJ2667_단지번호붙이기.cpp */ = {isa = PBXFileReference; lastKnownFileType = sourcecode.cpp.cpp; path = "DFS_BOJ2667_단지번호붙이기.cpp"; sourceTree = "<group>"; };
		1BE99F0025C784D200C11DC7 /* BF_BOJ15649_N과M_4.cpp */ = {isa = PBXFileReference; lastKnownFileType = sourcecode.cpp.cpp; path = "BF_BOJ15649_N과M_4.cpp"; sourceTree = "<group>"; };
		1BE99F0225C785DA00C11DC7 /* BF_BOJ15649_N과M_5.cpp */ = {isa = PBXFileReference; lastKnownFileType = sourcecode.cpp.cpp; path = "BF_BOJ15649_N과M_5.cpp"; sourceTree = "<group>"; };
		1BF7F8FA25F5DF5300012219 /* BFS_BOJ1261_알고스팟.cpp */ = {isa = PBXFileReference; lastKnownFileType = sourcecode.cpp.cpp; path = "BFS_BOJ1261_알고스팟.cpp"; sourceTree = "<group>"; };
/* End PBXFileReference section */

/* Begin PBXFrameworksBuildPhase section */
		1BA6220A2475983500B899D6 /* Frameworks */ = {
			isa = PBXFrameworksBuildPhase;
			buildActionMask = 2147483647;
			files = (
			);
			runOnlyForDeploymentPostprocessing = 0;
		};
/* End PBXFrameworksBuildPhase section */

/* Begin PBXGroup section */
		1B3A393F25EC9E2800EBA276 /* 큐와 그래프 */ = {
			isa = PBXGroup;
			children = (
				1B3A394025EC9E7900EBA276 /* 10845_큐.cpp */,
				1B3A394425ECA56100EBA276 /* 10866_덱.cpp */,
				1B3A394625ECADE800EBA276 /* 13023_ABCDE.cpp */,
			);
			name = "큐와 그래프";
			path = "큐와 그래프";
			sourceTree = "<group>";
		};
		1B3A394825ECBEAA00EBA276 /* 수학 */ = {
			isa = PBXGroup;
			children = (
				1BC74FC025BE4D340061903B /* 수학_BOJ17427_약수의합2.cpp */,
				1BC74FC225BE59690061903B /* 수학_BOJ17425_약수의합.cpp */,
				1B823D8D25C23AF100E93E04 /* 수학_BOJ1929_소수구하기.cpp */,
				1B69CEB625C6C5FF0084F57E /* 수학_BOJ6588_골드바흐의추측.cpp */,
			);
			name = "수학";
			path = "수학";
			sourceTree = "<group>";
		};
		1B3A394925ECBECA00EBA276 /* 순열_브루트포스 */ = {
			isa = PBXGroup;
			children = (
				1B9AC9F125D79A8000814C91 /* BF순열_BOJ10972_다음순열.cpp */,
				1B9AC9F325D7AD0C00814C91 /* BF순열_BOJ10973_이전순열.cpp */,
				1B9AC9F525D7ADCE00814C91 /* BF순열_BOJ10974_모든순열.cpp */,
				1B9AC9F725D7AEBA00814C91 /* BF순열_BOJ10819_차이를최대로.cpp */,
				1B9AC9F925D7B1BE00814C91 /* BF순열_BOJ6603_로또.cpp */,
				1B9AC9FB25D7DA9D00814C91 /* BF순열_BOJ10971_외판원순회2.cpp */,
			);
			name = "순열_브루트포스";
			path = "순열_브루트포스";
			sourceTree = "<group>";
		};
		1B3A394A25ECBEE400EBA276 /* 다이나믹 프로그래밍 */ = {
			isa = PBXGroup;
			children = (
				1B9AC9FD25D95F6A00814C91 /* DP1_BOJ11727_2xn타일링2.cpp */,
				1B7A65A925DA3DCF00E8E049 /* DP_BOJ11052_카드구매하기.cpp */,
				1B7A65AB25DA4FEA00E8E049 /* DP_BOJ15990_123더하기5.cpp */,
				1BBD82A725DB74BB00C2877E /* DP_BOJ1699_제곱수의합.cpp */,
				1B48262E25DD5B0300A111F3 /* DP_BOJ2225_합분해.cpp */,
				1B9368BA25DE2650007ECD36 /* DP_BOJ2193_이친수.cpp */,
				1B9368BC25DE3411007ECD36 /* DP_BOJ14002_가장긴증가하는부분수열.cpp */,
				1B8E014925DF3A5300A8C1B4 /* DP_BOJ1912_연속합.cpp */,
				1B8E014B25DF6BCC00A8C1B4 /* DP_BOJ1463_1로만들기.cpp */,
				1BA1348825E3556F005AB7F5 /* DP_BOJ1149_RGB거리.cpp */,
				1BA1348A25E3687D005AB7F5 /* DP_BOJ1932_정수삼각형.cpp */,
				1BA1348C25E37264005AB7F5 /* DP_BOJ1057_오르막수.cpp */,
			);
			name = "다이나믹 프로그래밍";
			path = "다이나믹 프로그래밍";
			sourceTree = "<group>";
		};
		1B89395225F388250065D3B5 /* BFS */ = {
			isa = PBXGroup;
			children = (
				1B89395325F3884A0065D3B5 /* BFS_BOJ7576_토마토.cpp */,
				1B73B36725F47DF70066D9A0 /* BFS_BOJ1707_이분그래프.cpp */,
				1BF7F8FA25F5DF5300012219 /* BFS_BOJ1261_알고스팟.cpp */,
			);
			path = BFS;
			sourceTree = "<group>";
		};
		1BA622042475983500B899D6 = {
			isa = PBXGroup;
			children = (
				1B89395225F388250065D3B5 /* BFS */,
				1BE07A5A25EE84FD0010EE77 /* DFS */,
				1B3A394A25ECBEE400EBA276 /* 다이나믹 프로그래밍 */,
				1B3A394925ECBECA00EBA276 /* 순열_브루트포스 */,
				1B3A394825ECBEAA00EBA276 /* 수학 */,
				1B3A393F25EC9E2800EBA276 /* 큐와 그래프 */,
				1BA6220F2475983500B899D6 /* Coding_Test_Practice */,
				1BA6220E2475983500B899D6 /* Products */,
			);
			sourceTree = "<group>";
		};
		1BA6220E2475983500B899D6 /* Products */ = {
			isa = PBXGroup;
			children = (
				1BA6220D2475983500B899D6 /* Coding_Test_Practice */,
			);
			name = Products;
			sourceTree = "<group>";
		};
		1BA6220F2475983500B899D6 /* Coding_Test_Practice */ = {
			isa = PBXGroup;
			children = (
				1B61507425C1275B00233D1C /* BF_BOJ1476_날짜계산.cpp */,
				1B61507625C1636600233D1C /* BF_BOJ1748_수이어쓰기1.cpp */,
				1B823D8F25C257DE00E93E04 /* BF_BOJ2309_일곱난쟁이.cpp */,
				1B8046D925C2847800487579 /* BF_BOj9095_1,2,3 더하기.cpp */,
				1B8046DB25C29F5900487579 /* BF_BOJ3085_사탕게임.cpp */,
				1B90189825C7760300148952 /* BF_BOJ15649_N과M_1.cpp */,
				1B90189A25C77F4D00148952 /* BF_BOJ15649_N과M_2.cpp */,
				1B90189C25C7838400148952 /* BF_BOJ15649_N과M_3.cpp */,
				1BE99F0025C784D200C11DC7 /* BF_BOJ15649_N과M_4.cpp */,
				1BE99F0225C785DA00C11DC7 /* BF_BOJ15649_N과M_5.cpp */,
				1BB482ED25C9A2A5001E150C /* BF_BOJ15649_N과M_6.cpp */,
				1BB482EF25C9A5EF001E150C /* BF_BOJ15649_N과M_7.cpp */,
				1BB482F125C9A737001E150C /* BF_BOJ15649_N과M_8.cpp */,
				1B0589D325CAF70F00EDF388 /* BF재귀_BOJ1759_암호만들기.cpp */,
				1B92FE8525CCB9FB00179907 /* BF재귀_BOJ14501_퇴사.cpp */,
				1B752A5D25CF62F400B4C764 /* BF_BOJ14889_스타트와링크.cpp */,
				1B752A6025D0038600B4C764 /* BF재귀_BOJ2529_부등호.cpp */,
				1B1815F425D6186E005641E3 /* BF비트마스크_BOJ1182_부분수열의합.cpp */,
				1B1815F725D62940005641E3 /* BF비트마스크_BOJ11723_집합.cpp */,
				1B9AC9ED25D76AA800814C91 /* BF_비트마스크_BOJ11723_집합(비트마스크로 풀기).cpp */,
				1B9AC9EF25D780F400814C91 /* BF비트마스크_BOJ14391_종이조각.cpp */,
			);
			path = Coding_Test_Practice;
			sourceTree = "<group>";
		};
		1BE07A5A25EE84FD0010EE77 /* DFS */ = {
			isa = PBXGroup;
			children = (
				1BE07A5B25EE85900010EE77 /* DFS_BOJ2667_단지번호붙이기.cpp */,
			);
			path = DFS;
			sourceTree = "<group>";
		};
/* End PBXGroup section */

/* Begin PBXNativeTarget section */
		1BA6220C2475983500B899D6 /* Coding_Test_Practice */ = {
			isa = PBXNativeTarget;
			buildConfigurationList = 1BA622142475983500B899D6 /* Build configuration list for PBXNativeTarget "Coding_Test_Practice" */;
			buildPhases = (
				1BA622092475983500B899D6 /* Sources */,
				1BA6220A2475983500B899D6 /* Frameworks */,
				1BA6220B2475983500B899D6 /* CopyFiles */,
			);
			buildRules = (
			);
			dependencies = (
			);
			name = Coding_Test_Practice;
			productName = Coding_Test_Practice;
			productReference = 1BA6220D2475983500B899D6 /* Coding_Test_Practice */;
			productType = "com.apple.product-type.tool";
		};
/* End PBXNativeTarget section */

/* Begin PBXProject section */
		1BA622052475983500B899D6 /* Project object */ = {
			isa = PBXProject;
			attributes = {
				LastUpgradeCheck = 1160;
				ORGANIZATIONNAME = KimNanyoung;
				TargetAttributes = {
					1BA6220C2475983500B899D6 = {
						CreatedOnToolsVersion = 11.3;
					};
				};
			};
			buildConfigurationList = 1BA622082475983500B899D6 /* Build configuration list for PBXProject "Coding_Test_Practice" */;
			compatibilityVersion = "Xcode 9.3";
			developmentRegion = en;
			hasScannedForEncodings = 0;
			knownRegions = (
				en,
				Base,
			);
			mainGroup = 1BA622042475983500B899D6;
			productRefGroup = 1BA6220E2475983500B899D6 /* Products */;
			projectDirPath = "";
			projectRoot = "";
			targets = (
				1BA6220C2475983500B899D6 /* Coding_Test_Practice */,
			);
		};
/* End PBXProject section */

/* Begin PBXSourcesBuildPhase section */
		1BA622092475983500B899D6 /* Sources */ = {
			isa = PBXSourcesBuildPhase;
			buildActionMask = 2147483647;
			files = (
				1BF7F8FB25F5DF5300012219 /* BFS_BOJ1261_알고스팟.cpp in Sources */,
			);
			runOnlyForDeploymentPostprocessing = 0;
		};
/* End PBXSourcesBuildPhase section */

/* Begin XCBuildConfiguration section */
		1BA622122475983500B899D6 /* Debug */ = {
			isa = XCBuildConfiguration;
			buildSettings = {
				ALWAYS_SEARCH_USER_PATHS = NO;
				CLANG_ANALYZER_NONNULL = YES;
				CLANG_ANALYZER_NUMBER_OBJECT_CONVERSION = YES_AGGRESSIVE;
				CLANG_CXX_LANGUAGE_STANDARD = "gnu++14";
				CLANG_CXX_LIBRARY = "libc++";
				CLANG_ENABLE_MODULES = YES;
				CLANG_ENABLE_OBJC_ARC = YES;
				CLANG_ENABLE_OBJC_WEAK = YES;
				CLANG_WARN_BLOCK_CAPTURE_AUTORELEASING = YES;
				CLANG_WARN_BOOL_CONVERSION = YES;
				CLANG_WARN_COMMA = YES;
				CLANG_WARN_CONSTANT_CONVERSION = YES;
				CLANG_WARN_DEPRECATED_OBJC_IMPLEMENTATIONS = YES;
				CLANG_WARN_DIRECT_OBJC_ISA_USAGE = YES_ERROR;
				CLANG_WARN_DOCUMENTATION_COMMENTS = YES;
				CLANG_WARN_EMPTY_BODY = YES;
				CLANG_WARN_ENUM_CONVERSION = YES;
				CLANG_WARN_INFINITE_RECURSION = YES;
				CLANG_WARN_INT_CONVERSION = YES;
				CLANG_WARN_NON_LITERAL_NULL_CONVERSION = YES;
				CLANG_WARN_OBJC_IMPLICIT_RETAIN_SELF = YES;
				CLANG_WARN_OBJC_LITERAL_CONVERSION = YES;
				CLANG_WARN_OBJC_ROOT_CLASS = YES_ERROR;
				CLANG_WARN_RANGE_LOOP_ANALYSIS = YES;
				CLANG_WARN_STRICT_PROTOTYPES = YES;
				CLANG_WARN_SUSPICIOUS_MOVE = YES;
				CLANG_WARN_UNGUARDED_AVAILABILITY = YES_AGGRESSIVE;
				CLANG_WARN_UNREACHABLE_CODE = YES;
				CLANG_WARN__DUPLICATE_METHOD_MATCH = YES;
				COPY_PHASE_STRIP = NO;
				DEBUG_INFORMATION_FORMAT = dwarf;
				ENABLE_STRICT_OBJC_MSGSEND = YES;
				ENABLE_TESTABILITY = YES;
				GCC_C_LANGUAGE_STANDARD = gnu11;
				GCC_DYNAMIC_NO_PIC = NO;
				GCC_NO_COMMON_BLOCKS = YES;
				GCC_OPTIMIZATION_LEVEL = 0;
				GCC_PREPROCESSOR_DEFINITIONS = (
					"DEBUG=1",
					"$(inherited)",
				);
				GCC_WARN_64_TO_32_BIT_CONVERSION = YES;
				GCC_WARN_ABOUT_RETURN_TYPE = YES_ERROR;
				GCC_WARN_UNDECLARED_SELECTOR = YES;
				GCC_WARN_UNINITIALIZED_AUTOS = YES_AGGRESSIVE;
				GCC_WARN_UNUSED_FUNCTION = YES;
				GCC_WARN_UNUSED_VARIABLE = YES;
				MACOSX_DEPLOYMENT_TARGET = 10.15;
				MTL_ENABLE_DEBUG_INFO = INCLUDE_SOURCE;
				MTL_FAST_MATH = YES;
				ONLY_ACTIVE_ARCH = YES;
				SDKROOT = macosx;
			};
			name = Debug;
		};
		1BA622132475983500B899D6 /* Release */ = {
			isa = XCBuildConfiguration;
			buildSettings = {
				ALWAYS_SEARCH_USER_PATHS = NO;
				CLANG_ANALYZER_NONNULL = YES;
				CLANG_ANALYZER_NUMBER_OBJECT_CONVERSION = YES_AGGRESSIVE;
				CLANG_CXX_LANGUAGE_STANDARD = "gnu++14";
				CLANG_CXX_LIBRARY = "libc++";
				CLANG_ENABLE_MODULES = YES;
				CLANG_ENABLE_OBJC_ARC = YES;
				CLANG_ENABLE_OBJC_WEAK = YES;
				CLANG_WARN_BLOCK_CAPTURE_AUTORELEASING = YES;
				CLANG_WARN_BOOL_CONVERSION = YES;
				CLANG_WARN_COMMA = YES;
				CLANG_WARN_CONSTANT_CONVERSION = YES;
				CLANG_WARN_DEPRECATED_OBJC_IMPLEMENTATIONS = YES;
				CLANG_WARN_DIRECT_OBJC_ISA_USAGE = YES_ERROR;
				CLANG_WARN_DOCUMENTATION_COMMENTS = YES;
				CLANG_WARN_EMPTY_BODY = YES;
				CLANG_WARN_ENUM_CONVERSION = YES;
				CLANG_WARN_INFINITE_RECURSION = YES;
				CLANG_WARN_INT_CONVERSION = YES;
				CLANG_WARN_NON_LITERAL_NULL_CONVERSION = YES;
				CLANG_WARN_OBJC_IMPLICIT_RETAIN_SELF = YES;
				CLANG_WARN_OBJC_LITERAL_CONVERSION = YES;
				CLANG_WARN_OBJC_ROOT_CLASS = YES_ERROR;
				CLANG_WARN_RANGE_LOOP_ANALYSIS = YES;
				CLANG_WARN_STRICT_PROTOTYPES = YES;
				CLANG_WARN_SUSPICIOUS_MOVE = YES;
				CLANG_WARN_UNGUARDED_AVAILABILITY = YES_AGGRESSIVE;
				CLANG_WARN_UNREACHABLE_CODE = YES;
				CLANG_WARN__DUPLICATE_METHOD_MATCH = YES;
				COPY_PHASE_STRIP = NO;
				DEBUG_INFORMATION_FORMAT = "dwarf-with-dsym";
				ENABLE_NS_ASSERTIONS = NO;
				ENABLE_STRICT_OBJC_MSGSEND = YES;
				GCC_C_LANGUAGE_STANDARD = gnu11;
				GCC_NO_COMMON_BLOCKS = YES;
				GCC_WARN_64_TO_32_BIT_CONVERSION = YES;
				GCC_WARN_ABOUT_RETURN_TYPE = YES_ERROR;
				GCC_WARN_UNDECLARED_SELECTOR = YES;
				GCC_WARN_UNINITIALIZED_AUTOS = YES_AGGRESSIVE;
				GCC_WARN_UNUSED_FUNCTION = YES;
				GCC_WARN_UNUSED_VARIABLE = YES;
				MACOSX_DEPLOYMENT_TARGET = 10.15;
				MTL_ENABLE_DEBUG_INFO = NO;
				MTL_FAST_MATH = YES;
				SDKROOT = macosx;
			};
			name = Release;
		};
		1BA622152475983500B899D6 /* Debug */ = {
			isa = XCBuildConfiguration;
			buildSettings = {
				CODE_SIGN_IDENTITY = "-";
				CODE_SIGN_STYLE = Automatic;
				DEVELOPMENT_TEAM = VCASJZ96KY;
				ENABLE_HARDENED_RUNTIME = YES;
				PRODUCT_NAME = "$(TARGET_NAME)";
			};
			name = Debug;
		};
		1BA622162475983500B899D6 /* Release */ = {
			isa = XCBuildConfiguration;
			buildSettings = {
				CODE_SIGN_IDENTITY = "-";
				CODE_SIGN_STYLE = Automatic;
				DEVELOPMENT_TEAM = VCASJZ96KY;
				ENABLE_HARDENED_RUNTIME = YES;
				PRODUCT_NAME = "$(TARGET_NAME)";
			};
			name = Release;
		};
/* End XCBuildConfiguration section */

/* Begin XCConfigurationList section */
		1BA622082475983500B899D6 /* Build configuration list for PBXProject "Coding_Test_Practice" */ = {
			isa = XCConfigurationList;
			buildConfigurations = (
				1BA622122475983500B899D6 /* Debug */,
				1BA622132475983500B899D6 /* Release */,
			);
			defaultConfigurationIsVisible = 0;
			defaultConfigurationName = Release;
		};
		1BA622142475983500B899D6 /* Build configuration list for PBXNativeTarget "Coding_Test_Practice" */ = {
			isa = XCConfigurationList;
			buildConfigurations = (
				1BA622152475983500B899D6 /* Debug */,
				1BA622162475983500B899D6 /* Release */,
			);
			defaultConfigurationIsVisible = 0;
			defaultConfigurationName = Release;
		};
/* End XCConfigurationList section */
	};
	rootObject = 1BA622052475983500B899D6 /* Project object */;
}
