// !$*UTF8*$!
{
	archiveVersion = 1;
	classes = {
	};
	objectVersion = 50;
	objects = {

/* Begin PBXBuildFile section */
		1B0589D525CAF71000EDF388 /* BF재귀_BOJ1759_암호만들기.cpp in Sources */ = {isa = PBXBuildFile; fileRef = 1B0589D325CAF70F00EDF388 /* BF재귀_BOJ1759_암호만들기.cpp */; };
/* End PBXBuildFile section */

/* Begin PBXCopyFilesBuildPhase section */
		1BA6220B2475983500B899D6 /* CopyFiles */ = {
			isa = PBXCopyFilesBuildPhase;
			buildActionMask = 2147483647;
			dstPath = /usr/share/man/man1/;
			dstSubfolderSpec = 0;
			files = (
			);
			runOnlyForDeploymentPostprocessing = 1;
		};
/* End PBXCopyFilesBuildPhase section */

/* Begin PBXFileReference section */
		1B0589D325CAF70F00EDF388 /* BF재귀_BOJ1759_암호만들기.cpp */ = {isa = PBXFileReference; lastKnownFileType = sourcecode.cpp.cpp; path = "BF재귀_BOJ1759_암호만들기.cpp"; sourceTree = "<group>"; };
		1B61507425C1275B00233D1C /* BF_BOJ1476_날짜계산.cpp */ = {isa = PBXFileReference; lastKnownFileType = sourcecode.cpp.cpp; path = "BF_BOJ1476_날짜계산.cpp"; sourceTree = "<group>"; };
		1B61507625C1636600233D1C /* BF_BOJ1748_수이어쓰기1.cpp */ = {isa = PBXFileReference; lastKnownFileType = sourcecode.cpp.cpp; path = "BF_BOJ1748_수이어쓰기1.cpp"; sourceTree = "<group>"; };
		1B69CEB625C6C5FF0084F57E /* 수학_BOJ6588_골드바흐의추측.cpp */ = {isa = PBXFileReference; lastKnownFileType = sourcecode.cpp.cpp; path = "수학_BOJ6588_골드바흐의추측.cpp"; sourceTree = "<group>"; };
		1B8046D925C2847800487579 /* BF_BOj9095_1,2,3 더하기.cpp */ = {isa = PBXFileReference; lastKnownFileType = sourcecode.cpp.cpp; path = "BF_BOj9095_1,2,3 더하기.cpp"; sourceTree = "<group>"; };
		1B8046DB25C29F5900487579 /* BF_BOJ3085_사탕게임.cpp */ = {isa = PBXFileReference; lastKnownFileType = sourcecode.cpp.cpp; path = "BF_BOJ3085_사탕게임.cpp"; sourceTree = "<group>"; };
		1B823D8D25C23AF100E93E04 /* 수학_BOJ1929_소수구하기.cpp */ = {isa = PBXFileReference; lastKnownFileType = sourcecode.cpp.cpp; path = "수학_BOJ1929_소수구하기.cpp"; sourceTree = "<group>"; };
		1B823D8F25C257DE00E93E04 /* BF_BOJ2309_일곱난쟁이.cpp */ = {isa = PBXFileReference; lastKnownFileType = sourcecode.cpp.cpp; path = "BF_BOJ2309_일곱난쟁이.cpp"; sourceTree = "<group>"; };
		1B90189825C7760300148952 /* BF_BOJ15649_N과M_1.cpp */ = {isa = PBXFileReference; lastKnownFileType = sourcecode.cpp.cpp; path = "BF_BOJ15649_N과M_1.cpp"; sourceTree = "<group>"; };
		1B90189A25C77F4D00148952 /* BF_BOJ15649_N과M_2.cpp */ = {isa = PBXFileReference; lastKnownFileType = sourcecode.cpp.cpp; path = "BF_BOJ15649_N과M_2.cpp"; sourceTree = "<group>"; };
		1B90189C25C7838400148952 /* BF_BOJ15649_N과M_3.cpp */ = {isa = PBXFileReference; lastKnownFileType = sourcecode.cpp.cpp; path = "BF_BOJ15649_N과M_3.cpp"; sourceTree = "<group>"; };
		1BA6220D2475983500B899D6 /* Coding_Test_Practice */ = {isa = PBXFileReference; explicitFileType = "compiled.mach-o.executable"; includeInIndex = 0; path = Coding_Test_Practice; sourceTree = BUILT_PRODUCTS_DIR; };
		1BB482ED25C9A2A5001E150C /* BF_BOJ15649_N과M_6.cpp */ = {isa = PBXFileReference; lastKnownFileType = sourcecode.cpp.cpp; path = "BF_BOJ15649_N과M_6.cpp"; sourceTree = "<group>"; };
		1BB482EF25C9A5EF001E150C /* BF_BOJ15649_N과M_7.cpp */ = {isa = PBXFileReference; lastKnownFileType = sourcecode.cpp.cpp; path = "BF_BOJ15649_N과M_7.cpp"; sourceTree = "<group>"; };
		1BB482F125C9A737001E150C /* BF_BOJ15649_N과M_8.cpp */ = {isa = PBXFileReference; lastKnownFileType = sourcecode.cpp.cpp; path = "BF_BOJ15649_N과M_8.cpp"; sourceTree = "<group>"; };
		1BC74FC025BE4D340061903B /* 수학_BOJ17427_약수의합2.cpp */ = {isa = PBXFileReference; lastKnownFileType = sourcecode.cpp.cpp; path = "수학_BOJ17427_약수의합2.cpp"; sourceTree = "<group>"; };
		1BC74FC225BE59690061903B /* 수학_BOJ17425_약수의합.cpp */ = {isa = PBXFileReference; lastKnownFileType = sourcecode.cpp.cpp; path = "수학_BOJ17425_약수의합.cpp"; sourceTree = "<group>"; };
		1BE99F0025C784D200C11DC7 /* BF_BOJ15649_N과M_4.cpp */ = {isa = PBXFileReference; lastKnownFileType = sourcecode.cpp.cpp; path = "BF_BOJ15649_N과M_4.cpp"; sourceTree = "<group>"; };
		1BE99F0225C785DA00C11DC7 /* BF_BOJ15649_N과M_5.cpp */ = {isa = PBXFileReference; lastKnownFileType = sourcecode.cpp.cpp; path = "BF_BOJ15649_N과M_5.cpp"; sourceTree = "<group>"; };
/* End PBXFileReference section */

/* Begin PBXFrameworksBuildPhase section */
		1BA6220A2475983500B899D6 /* Frameworks */ = {
			isa = PBXFrameworksBuildPhase;
			buildActionMask = 2147483647;
			files = (
			);
			runOnlyForDeploymentPostprocessing = 0;
		};
/* End PBXFrameworksBuildPhase section */

/* Begin PBXGroup section */
		1BA622042475983500B899D6 = {
			isa = PBXGroup;
			children = (
				1BA6220F2475983500B899D6 /* Coding_Test_Practice */,
				1BA6220E2475983500B899D6 /* Products */,
			);
			sourceTree = "<group>";
		};
		1BA6220E2475983500B899D6 /* Products */ = {
			isa = PBXGroup;
			children = (
				1BA6220D2475983500B899D6 /* Coding_Test_Practice */,
			);
			name = Products;
			sourceTree = "<group>";
		};
		1BA6220F2475983500B899D6 /* Coding_Test_Practice */ = {
			isa = PBXGroup;
			children = (
				1BC74FC025BE4D340061903B /* 수학_BOJ17427_약수의합2.cpp */,
				1BC74FC225BE59690061903B /* 수학_BOJ17425_약수의합.cpp */,
				1B61507425C1275B00233D1C /* BF_BOJ1476_날짜계산.cpp */,
				1B61507625C1636600233D1C /* BF_BOJ1748_수이어쓰기1.cpp */,
				1B823D8D25C23AF100E93E04 /* 수학_BOJ1929_소수구하기.cpp */,
				1B823D8F25C257DE00E93E04 /* BF_BOJ2309_일곱난쟁이.cpp */,
				1B8046D925C2847800487579 /* BF_BOj9095_1,2,3 더하기.cpp */,
				1B8046DB25C29F5900487579 /* BF_BOJ3085_사탕게임.cpp */,
				1B69CEB625C6C5FF0084F57E /* 수학_BOJ6588_골드바흐의추측.cpp */,
				1B90189825C7760300148952 /* BF_BOJ15649_N과M_1.cpp */,
				1B90189A25C77F4D00148952 /* BF_BOJ15649_N과M_2.cpp */,
				1B90189C25C7838400148952 /* BF_BOJ15649_N과M_3.cpp */,
				1BE99F0025C784D200C11DC7 /* BF_BOJ15649_N과M_4.cpp */,
				1BE99F0225C785DA00C11DC7 /* BF_BOJ15649_N과M_5.cpp */,
				1BB482ED25C9A2A5001E150C /* BF_BOJ15649_N과M_6.cpp */,
				1BB482EF25C9A5EF001E150C /* BF_BOJ15649_N과M_7.cpp */,
				1BB482F125C9A737001E150C /* BF_BOJ15649_N과M_8.cpp */,
				1B0589D325CAF70F00EDF388 /* BF재귀_BOJ1759_암호만들기.cpp */,
			);
			path = Coding_Test_Practice;
			sourceTree = "<group>";
		};
/* End PBXGroup section */

/* Begin PBXNativeTarget section */
		1BA6220C2475983500B899D6 /* Coding_Test_Practice */ = {
			isa = PBXNativeTarget;
			buildConfigurationList = 1BA622142475983500B899D6 /* Build configuration list for PBXNativeTarget "Coding_Test_Practice" */;
			buildPhases = (
				1BA622092475983500B899D6 /* Sources */,
				1BA6220A2475983500B899D6 /* Frameworks */,
				1BA6220B2475983500B899D6 /* CopyFiles */,
			);
			buildRules = (
			);
			dependencies = (
			);
			name = Coding_Test_Practice;
			productName = Coding_Test_Practice;
			productReference = 1BA6220D2475983500B899D6 /* Coding_Test_Practice */;
			productType = "com.apple.product-type.tool";
		};
/* End PBXNativeTarget section */

/* Begin PBXProject section */
		1BA622052475983500B899D6 /* Project object */ = {
			isa = PBXProject;
			attributes = {
				LastUpgradeCheck = 1160;
				ORGANIZATIONNAME = KimNanyoung;
				TargetAttributes = {
					1BA6220C2475983500B899D6 = {
						CreatedOnToolsVersion = 11.3;
					};
				};
			};
			buildConfigurationList = 1BA622082475983500B899D6 /* Build configuration list for PBXProject "Coding_Test_Practice" */;
			compatibilityVersion = "Xcode 9.3";
			developmentRegion = en;
			hasScannedForEncodings = 0;
			knownRegions = (
				en,
				Base,
			);
			mainGroup = 1BA622042475983500B899D6;
			productRefGroup = 1BA6220E2475983500B899D6 /* Products */;
			projectDirPath = "";
			projectRoot = "";
			targets = (
				1BA6220C2475983500B899D6 /* Coding_Test_Practice */,
			);
		};
/* End PBXProject section */

/* Begin PBXSourcesBuildPhase section */
		1BA622092475983500B899D6 /* Sources */ = {
			isa = PBXSourcesBuildPhase;
			buildActionMask = 2147483647;
			files = (
				1B0589D525CAF71000EDF388 /* BF재귀_BOJ1759_암호만들기.cpp in Sources */,
			);
			runOnlyForDeploymentPostprocessing = 0;
		};
/* End PBXSourcesBuildPhase section */

/* Begin XCBuildConfiguration section */
		1BA622122475983500B899D6 /* Debug */ = {
			isa = XCBuildConfiguration;
			buildSettings = {
				ALWAYS_SEARCH_USER_PATHS = NO;
				CLANG_ANALYZER_NONNULL = YES;
				CLANG_ANALYZER_NUMBER_OBJECT_CONVERSION = YES_AGGRESSIVE;
				CLANG_CXX_LANGUAGE_STANDARD = "gnu++14";
				CLANG_CXX_LIBRARY = "libc++";
				CLANG_ENABLE_MODULES = YES;
				CLANG_ENABLE_OBJC_ARC = YES;
				CLANG_ENABLE_OBJC_WEAK = YES;
				CLANG_WARN_BLOCK_CAPTURE_AUTORELEASING = YES;
				CLANG_WARN_BOOL_CONVERSION = YES;
				CLANG_WARN_COMMA = YES;
				CLANG_WARN_CONSTANT_CONVERSION = YES;
				CLANG_WARN_DEPRECATED_OBJC_IMPLEMENTATIONS = YES;
				CLANG_WARN_DIRECT_OBJC_ISA_USAGE = YES_ERROR;
				CLANG_WARN_DOCUMENTATION_COMMENTS = YES;
				CLANG_WARN_EMPTY_BODY = YES;
				CLANG_WARN_ENUM_CONVERSION = YES;
				CLANG_WARN_INFINITE_RECURSION = YES;
				CLANG_WARN_INT_CONVERSION = YES;
				CLANG_WARN_NON_LITERAL_NULL_CONVERSION = YES;
				CLANG_WARN_OBJC_IMPLICIT_RETAIN_SELF = YES;
				CLANG_WARN_OBJC_LITERAL_CONVERSION = YES;
				CLANG_WARN_OBJC_ROOT_CLASS = YES_ERROR;
				CLANG_WARN_RANGE_LOOP_ANALYSIS = YES;
				CLANG_WARN_STRICT_PROTOTYPES = YES;
				CLANG_WARN_SUSPICIOUS_MOVE = YES;
				CLANG_WARN_UNGUARDED_AVAILABILITY = YES_AGGRESSIVE;
				CLANG_WARN_UNREACHABLE_CODE = YES;
				CLANG_WARN__DUPLICATE_METHOD_MATCH = YES;
				COPY_PHASE_STRIP = NO;
				DEBUG_INFORMATION_FORMAT = dwarf;
				ENABLE_STRICT_OBJC_MSGSEND = YES;
				ENABLE_TESTABILITY = YES;
				GCC_C_LANGUAGE_STANDARD = gnu11;
				GCC_DYNAMIC_NO_PIC = NO;
				GCC_NO_COMMON_BLOCKS = YES;
				GCC_OPTIMIZATION_LEVEL = 0;
				GCC_PREPROCESSOR_DEFINITIONS = (
					"DEBUG=1",
					"$(inherited)",
				);
				GCC_WARN_64_TO_32_BIT_CONVERSION = YES;
				GCC_WARN_ABOUT_RETURN_TYPE = YES_ERROR;
				GCC_WARN_UNDECLARED_SELECTOR = YES;
				GCC_WARN_UNINITIALIZED_AUTOS = YES_AGGRESSIVE;
				GCC_WARN_UNUSED_FUNCTION = YES;
				GCC_WARN_UNUSED_VARIABLE = YES;
				MACOSX_DEPLOYMENT_TARGET = 10.15;
				MTL_ENABLE_DEBUG_INFO = INCLUDE_SOURCE;
				MTL_FAST_MATH = YES;
				ONLY_ACTIVE_ARCH = YES;
				SDKROOT = macosx;
			};
			name = Debug;
		};
		1BA622132475983500B899D6 /* Release */ = {
			isa = XCBuildConfiguration;
			buildSettings = {
				ALWAYS_SEARCH_USER_PATHS = NO;
				CLANG_ANALYZER_NONNULL = YES;
				CLANG_ANALYZER_NUMBER_OBJECT_CONVERSION = YES_AGGRESSIVE;
				CLANG_CXX_LANGUAGE_STANDARD = "gnu++14";
				CLANG_CXX_LIBRARY = "libc++";
				CLANG_ENABLE_MODULES = YES;
				CLANG_ENABLE_OBJC_ARC = YES;
				CLANG_ENABLE_OBJC_WEAK = YES;
				CLANG_WARN_BLOCK_CAPTURE_AUTORELEASING = YES;
				CLANG_WARN_BOOL_CONVERSION = YES;
				CLANG_WARN_COMMA = YES;
				CLANG_WARN_CONSTANT_CONVERSION = YES;
				CLANG_WARN_DEPRECATED_OBJC_IMPLEMENTATIONS = YES;
				CLANG_WARN_DIRECT_OBJC_ISA_USAGE = YES_ERROR;
				CLANG_WARN_DOCUMENTATION_COMMENTS = YES;
				CLANG_WARN_EMPTY_BODY = YES;
				CLANG_WARN_ENUM_CONVERSION = YES;
				CLANG_WARN_INFINITE_RECURSION = YES;
				CLANG_WARN_INT_CONVERSION = YES;
				CLANG_WARN_NON_LITERAL_NULL_CONVERSION = YES;
				CLANG_WARN_OBJC_IMPLICIT_RETAIN_SELF = YES;
				CLANG_WARN_OBJC_LITERAL_CONVERSION = YES;
				CLANG_WARN_OBJC_ROOT_CLASS = YES_ERROR;
				CLANG_WARN_RANGE_LOOP_ANALYSIS = YES;
				CLANG_WARN_STRICT_PROTOTYPES = YES;
				CLANG_WARN_SUSPICIOUS_MOVE = YES;
				CLANG_WARN_UNGUARDED_AVAILABILITY = YES_AGGRESSIVE;
				CLANG_WARN_UNREACHABLE_CODE = YES;
				CLANG_WARN__DUPLICATE_METHOD_MATCH = YES;
				COPY_PHASE_STRIP = NO;
				DEBUG_INFORMATION_FORMAT = "dwarf-with-dsym";
				ENABLE_NS_ASSERTIONS = NO;
				ENABLE_STRICT_OBJC_MSGSEND = YES;
				GCC_C_LANGUAGE_STANDARD = gnu11;
				GCC_NO_COMMON_BLOCKS = YES;
				GCC_WARN_64_TO_32_BIT_CONVERSION = YES;
				GCC_WARN_ABOUT_RETURN_TYPE = YES_ERROR;
				GCC_WARN_UNDECLARED_SELECTOR = YES;
				GCC_WARN_UNINITIALIZED_AUTOS = YES_AGGRESSIVE;
				GCC_WARN_UNUSED_FUNCTION = YES;
				GCC_WARN_UNUSED_VARIABLE = YES;
				MACOSX_DEPLOYMENT_TARGET = 10.15;
				MTL_ENABLE_DEBUG_INFO = NO;
				MTL_FAST_MATH = YES;
				SDKROOT = macosx;
			};
			name = Release;
		};
		1BA622152475983500B899D6 /* Debug */ = {
			isa = XCBuildConfiguration;
			buildSettings = {
				CODE_SIGN_IDENTITY = "-";
				CODE_SIGN_STYLE = Automatic;
				DEVELOPMENT_TEAM = VCASJZ96KY;
				ENABLE_HARDENED_RUNTIME = YES;
				PRODUCT_NAME = "$(TARGET_NAME)";
			};
			name = Debug;
		};
		1BA622162475983500B899D6 /* Release */ = {
			isa = XCBuildConfiguration;
			buildSettings = {
				CODE_SIGN_IDENTITY = "-";
				CODE_SIGN_STYLE = Automatic;
				DEVELOPMENT_TEAM = VCASJZ96KY;
				ENABLE_HARDENED_RUNTIME = YES;
				PRODUCT_NAME = "$(TARGET_NAME)";
			};
			name = Release;
		};
/* End XCBuildConfiguration section */

/* Begin XCConfigurationList section */
		1BA622082475983500B899D6 /* Build configuration list for PBXProject "Coding_Test_Practice" */ = {
			isa = XCConfigurationList;
			buildConfigurations = (
				1BA622122475983500B899D6 /* Debug */,
				1BA622132475983500B899D6 /* Release */,
			);
			defaultConfigurationIsVisible = 0;
			defaultConfigurationName = Release;
		};
		1BA622142475983500B899D6 /* Build configuration list for PBXNativeTarget "Coding_Test_Practice" */ = {
			isa = XCConfigurationList;
			buildConfigurations = (
				1BA622152475983500B899D6 /* Debug */,
				1BA622162475983500B899D6 /* Release */,
			);
			defaultConfigurationIsVisible = 0;
			defaultConfigurationName = Release;
		};
/* End XCConfigurationList section */
	};
	rootObject = 1BA622052475983500B899D6 /* Project object */;
}
